// !$*UTF8*$!
{
	archiveVersion = 1;
	classes = {
	};
	objectVersion = 77;
	objects = {

/* Begin PBXBuildFile section */
		2C6FBD762F81180000B9C3E1 /* Moya in Frameworks */ = {isa = PBXBuildFile; productRef = 2C6FBD782F81182000B9C3E1 /* Moya */; };
		2C6FBD772F81180100B9C3E1 /* Alamofire in Frameworks */ = {isa = PBXBuildFile; productRef = 2C6FBD792F81182100B9C3E1 /* Alamofire */; };
/* End PBXBuildFile section */

/* Begin PBXContainerItemProxy section */
		2CA7898E2F72D19E0079277E /* PBXContainerItemProxy */ = {
			isa = PBXContainerItemProxy;
			containerPortal = 2CA789782F72D19D0079277E /* Project object */;
			proxyType = 1;
			remoteGlobalIDString = 2CA7897F2F72D19D0079277E;
			remoteInfo = egunHoldings;
		};
		2CA789982F72D19E0079277E /* PBXContainerItemProxy */ = {
			isa = PBXContainerItemProxy;
			containerPortal = 2CA789782F72D19D0079277E /* Project object */;
			proxyType = 1;
			remoteGlobalIDString = 2CA7897F2F72D19D0079277E;
			remoteInfo = egunHoldings;
		};
/* End PBXContainerItemProxy section */

/* Begin PBXFileReference section */
		2CF1B0012F87B00000E0F001 /* Debug.xcconfig */ = {isa = PBXFileReference; lastKnownFileType = text.xcconfig; path = Debug.xcconfig; sourceTree = "<group>"; };
		2CF1B0022F87B00000E0F001 /* Release.xcconfig */ = {isa = PBXFileReference; lastKnownFileType = text.xcconfig; path = Release.xcconfig; sourceTree = "<group>"; };
		2CF1B0032F87B00000E0F001 /* Info.plist */ = {isa = PBXFileReference; lastKnownFileType = text.plist.xml; path = Info.plist; sourceTree = "<group>"; };
		2CA789802F72D19D0079277E /* egunHoldings.app */ = {isa = PBXFileReference; explicitFileType = wrapper.application; includeInIndex = 0; path = egunHoldings.app; sourceTree = BUILT_PRODUCTS_DIR; };
		2CA7898D2F72D19E0079277E /* egunHoldingsTests.xctest */ = {isa = PBXFileReference; explicitFileType = wrapper.cfbundle; includeInIndex = 0; path = egunHoldingsTests.xctest; sourceTree = BUILT_PRODUCTS_DIR; };
		2CA789972F72D19E0079277E /* egunHoldingsUITests.xctest */ = {isa = PBXFileReference; explicitFileType = wrapper.cfbundle; includeInIndex = 0; path = egunHoldingsUITests.xctest; sourceTree = BUILT_PRODUCTS_DIR; };
/* End PBXFileReference section */

/* Begin PBXFileSystemSynchronizedRootGroup section */
		2CA789822F72D19D0079277E /* egunHoldings */ = {
			isa = PBXFileSystemSynchronizedRootGroup;
			path = egunHoldings;
			sourceTree = "<group>";
		};
		2CA789902F72D19E0079277E /* egunHoldingsTests */ = {
			isa = PBXFileSystemSynchronizedRootGroup;
			path = egunHoldingsTests;
			sourceTree = "<group>";
		};
		2CA7899A2F72D19E0079277E /* egunHoldingsUITests */ = {
			isa = PBXFileSystemSynchronizedRootGroup;
			path = egunHoldingsUITests;
			sourceTree = "<group>";
		};
/* End PBXFileSystemSynchronizedRootGroup section */

/* Begin PBXFrameworksBuildPhase section */
		2CA7897D2F72D19D0079277E /* Frameworks */ = {
			isa = PBXFrameworksBuildPhase;
			buildActionMask = 2147483647;
			files = (
				2C6FBD762F81180000B9C3E1 /* Moya in Frameworks */,
				2C6FBD772F81180100B9C3E1 /* Alamofire in Frameworks */,
			);
			runOnlyForDeploymentPostprocessing = 0;
		};
		2CA7898A2F72D19E0079277E /* Frameworks */ = {
			isa = PBXFrameworksBuildPhase;
			buildActionMask = 2147483647;
			files = (
			);
			runOnlyForDeploymentPostprocessing = 0;
		};
		2CA789942F72D19E0079277E /* Frameworks */ = {
			isa = PBXFrameworksBuildPhase;
			buildActionMask = 2147483647;
			files = (
			);
			runOnlyForDeploymentPostprocessing = 0;
		};
/* End PBXFrameworksBuildPhase section */

/* Begin PBXGroup section */
		2CA789772F72D19D0079277E = {
			isa = PBXGroup;
			children = (
				2CF1B0042F87B00000E0F001 /* Config */,
				2CA789822F72D19D0079277E /* egunHoldings */,
				2CA789902F72D19E0079277E /* egunHoldingsTests */,
				2CA7899A2F72D19E0079277E /* egunHoldingsUITests */,
				2CA789812F72D19D0079277E /* Products */,
			);
			sourceTree = "<group>";
		};
		2CA789812F72D19D0079277E /* Products */ = {
			isa = PBXGroup;
			children = (
				2CA789802F72D19D0079277E /* egunHoldings.app */,
				2CA7898D2F72D19E0079277E /* egunHoldingsTests.xctest */,
				2CA789972F72D19E0079277E /* egunHoldingsUITests.xctest */,
			);
			name = Products;
			sourceTree = "<group>";
		};
		2CF1B0042F87B00000E0F001 /* Config */ = {
			isa = PBXGroup;
			children = (
				2CF1B0012F87B00000E0F001 /* Debug.xcconfig */,
				2CF1B0022F87B00000E0F001 /* Release.xcconfig */,
				2CF1B0032F87B00000E0F001 /* Info.plist */,
			);
			path = Config;
			sourceTree = "<group>";
		};
/* End PBXGroup section */

/* Begin PBXNativeTarget section */
		2CA7897F2F72D19D0079277E /* egunHoldings */ = {
			isa = PBXNativeTarget;
			buildConfigurationList = 2CA789A12F72D19E0079277E /* Build configuration list for PBXNativeTarget "egunHoldings" */;
			buildPhases = (
				2CA7897C2F72D19D0079277E /* Sources */,
				2CA7897D2F72D19D0079277E /* Frameworks */,
				2CA7897E2F72D19D0079277E /* Resources */,
			);
			buildRules = (
			);
			dependencies = (
			);
			fileSystemSynchronizedGroups = (
				2CA789822F72D19D0079277E /* egunHoldings */,
			);
			name = egunHoldings;
			packageProductDependencies = (
				2C6FBD782F81182000B9C3E1 /* Moya */,
				2C6FBD792F81182100B9C3E1 /* Alamofire */,
			);
			productName = egunHoldings;
			productReference = 2CA789802F72D19D0079277E /* egunHoldings.app */;
			productType = "com.apple.product-type.application";
		};
		2CA7898C2F72D19E0079277E /* egunHoldingsTests */ = {
			isa = PBXNativeTarget;
			buildConfigurationList = 2CA789A42F72D19E0079277E /* Build configuration list for PBXNativeTarget "egunHoldingsTests" */;
			buildPhases = (
				2CA789892F72D19E0079277E /* Sources */,
				2CA7898A2F72D19E0079277E /* Frameworks */,
				2CA7898B2F72D19E0079277E /* Resources */,
			);
			buildRules = (
			);
			dependencies = (
				2CA7898F2F72D19E0079277E /* PBXTargetDependency */,
			);
			fileSystemSynchronizedGroups = (
				2CA789902F72D19E0079277E /* egunHoldingsTests */,
			);
			name = egunHoldingsTests;
			packageProductDependencies = (
			);
			productName = egunHoldingsTests;
			productReference = 2CA7898D2F72D19E0079277E /* egunHoldingsTests.xctest */;
			productType = "com.apple.product-type.bundle.unit-test";
		};
		2CA789962F72D19E0079277E /* egunHoldingsUITests */ = {
			isa = PBXNativeTarget;
			buildConfigurationList = 2CA789A72F72D19E0079277E /* Build configuration list for PBXNativeTarget "egunHoldingsUITests" */;
			buildPhases = (
				2CA789932F72D19E0079277E /* Sources */,
				2CA789942F72D19E0079277E /* Frameworks */,
				2CA789952F72D19E0079277E /* Resources */,
			);
			buildRules = (
			);
			dependencies = (
				2CA789992F72D19E0079277E /* PBXTargetDependency */,
			);
			fileSystemSynchronizedGroups = (
				2CA7899A2F72D19E0079277E /* egunHoldingsUITests */,
			);
			name = egunHoldingsUITests;
			packageProductDependencies = (
			);
			productName = egunHoldingsUITests;
			productReference = 2CA789972F72D19E0079277E /* egunHoldingsUITests.xctest */;
			productType = "com.apple.product-type.bundle.ui-testing";
		};
/* End PBXNativeTarget section */

/* Begin PBXProject section */
		2CA789782F72D19D0079277E /* Project object */ = {
			isa = PBXProject;
			attributes = {
				BuildIndependentTargetsInParallel = 1;
				LastSwiftUpdateCheck = 2620;
				LastUpgradeCheck = 2620;
				TargetAttributes = {
					2CA7897F2F72D19D0079277E = {
						CreatedOnToolsVersion = 26.2;
					};
					2CA7898C2F72D19E0079277E = {
						CreatedOnToolsVersion = 26.2;
						TestTargetID = 2CA7897F2F72D19D0079277E;
					};
					2CA789962F72D19E0079277E = {
						CreatedOnToolsVersion = 26.2;
						TestTargetID = 2CA7897F2F72D19D0079277E;
					};
				};
			};
			buildConfigurationList = 2CA7897B2F72D19D0079277E /* Build configuration list for PBXProject "egunHoldings" */;
			developmentRegion = en;
			hasScannedForEncodings = 0;
			knownRegions = (
				en,
				Base,
			);
			mainGroup = 2CA789772F72D19D0079277E;
			minimizedProjectReferenceProxies = 1;
			packageReferences = (
				2C6FBD742F8115CF00B9C3E1 /* XCRemoteSwiftPackageReference "Moya" */,
				2C6FBD752F81162500B9C3E1 /* XCRemoteSwiftPackageReference "Alamofire" */,
			);
			preferredProjectObjectVersion = 77;
			productRefGroup = 2CA789812F72D19D0079277E /* Products */;
			projectDirPath = "";
			projectRoot = "";
			targets = (
				2CA7897F2F72D19D0079277E /* egunHoldings */,
				2CA7898C2F72D19E0079277E /* egunHoldingsTests */,
				2CA789962F72D19E0079277E /* egunHoldingsUITests */,
			);
		};
/* End PBXProject section */

/* Begin PBXResourcesBuildPhase section */
		2CA7897E2F72D19D0079277E /* Resources */ = {
			isa = PBXResourcesBuildPhase;
			buildActionMask = 2147483647;
			files = (
			);
			runOnlyForDeploymentPostprocessing = 0;
		};
		2CA7898B2F72D19E0079277E /* Resources */ = {
			isa = PBXResourcesBuildPhase;
			buildActionMask = 2147483647;
			files = (
			);
			runOnlyForDeploymentPostprocessing = 0;
		};
		2CA789952F72D19E0079277E /* Resources */ = {
			isa = PBXResourcesBuildPhase;
			buildActionMask = 2147483647;
			files = (
			);
			runOnlyForDeploymentPostprocessing = 0;
		};
/* End PBXResourcesBuildPhase section */

/* Begin PBXSourcesBuildPhase section */
		2CA7897C2F72D19D0079277E /* Sources */ = {
			isa = PBXSourcesBuildPhase;
			buildActionMask = 2147483647;
			files = (
			);
			runOnlyForDeploymentPostprocessing = 0;
		};
		2CA789892F72D19E0079277E /* Sources */ = {
			isa = PBXSourcesBuildPhase;
			buildActionMask = 2147483647;
			files = (
			);
			runOnlyForDeploymentPostprocessing = 0;
		};
		2CA789932F72D19E0079277E /* Sources */ = {
			isa = PBXSourcesBuildPhase;
			buildActionMask = 2147483647;
			files = (
			);
			runOnlyForDeploymentPostprocessing = 0;
		};
/* End PBXSourcesBuildPhase section */

/* Begin PBXTargetDependency section */
		2CA7898F2F72D19E0079277E /* PBXTargetDependency */ = {
			isa = PBXTargetDependency;
			target = 2CA7897F2F72D19D0079277E /* egunHoldings */;
			targetProxy = 2CA7898E2F72D19E0079277E /* PBXContainerItemProxy */;
		};
		2CA789992F72D19E0079277E /* PBXTargetDependency */ = {
			isa = PBXTargetDependency;
			target = 2CA7897F2F72D19D0079277E /* egunHoldings */;
			targetProxy = 2CA789982F72D19E0079277E /* PBXContainerItemProxy */;
		};
/* End PBXTargetDependency section */

/* Begin XCBuildConfiguration section */
		2CA7899F2F72D19E0079277E /* Debug */ = {
			isa = XCBuildConfiguration;
			buildSettings = {
				ALWAYS_SEARCH_USER_PATHS = NO;
				ASSETCATALOG_COMPILER_GENERATE_SWIFT_ASSET_SYMBOL_EXTENSIONS = YES;
				CLANG_ANALYZER_NONNULL = YES;
				CLANG_ANALYZER_NUMBER_OBJECT_CONVERSION = YES_AGGRESSIVE;
				CLANG_CXX_LANGUAGE_STANDARD = "gnu++20";
				CLANG_ENABLE_MODULES = YES;
				CLANG_ENABLE_OBJC_ARC = YES;
				CLANG_ENABLE_OBJC_WEAK = YES;
				CLANG_WARN_BLOCK_CAPTURE_AUTORELEASING = YES;
				CLANG_WARN_BOOL_CONVERSION = YES;
				CLANG_WARN_COMMA = YES;
				CLANG_WARN_CONSTANT_CONVERSION = YES;
				CLANG_WARN_DEPRECATED_OBJC_IMPLEMENTATIONS = YES;
				CLANG_WARN_DIRECT_OBJC_ISA_USAGE = YES_ERROR;
				CLANG_WARN_DOCUMENTATION_COMMENTS = YES;
				CLANG_WARN_EMPTY_BODY = YES;
				CLANG_WARN_ENUM_CONVERSION = YES;
				CLANG_WARN_INFINITE_RECURSION = YES;
				CLANG_WARN_INT_CONVERSION = YES;
				CLANG_WARN_NON_LITERAL_NULL_CONVERSION = YES;
				CLANG_WARN_OBJC_IMPLICIT_RETAIN_SELF = YES;
				CLANG_WARN_OBJC_LITERAL_CONVERSION = YES;
				CLANG_WARN_OBJC_ROOT_CLASS = YES_ERROR;
				CLANG_WARN_QUOTED_INCLUDE_IN_FRAMEWORK_HEADER = YES;
				CLANG_WARN_RANGE_LOOP_ANALYSIS = YES;
				CLANG_WARN_STRICT_PROTOTYPES = YES;
				CLANG_WARN_SUSPICIOUS_MOVE = YES;
				CLANG_WARN_UNGUARDED_AVAILABILITY = YES_AGGRESSIVE;
				CLANG_WARN_UNREACHABLE_CODE = YES;
				CLANG_WARN__DUPLICATE_METHOD_MATCH = YES;
				COPY_PHASE_STRIP = NO;
				DEBUG_INFORMATION_FORMAT = dwarf;
				DEVELOPMENT_TEAM = UFY93MC9ZB;
				ENABLE_STRICT_OBJC_MSGSEND = YES;
				ENABLE_TESTABILITY = YES;
				ENABLE_USER_SCRIPT_SANDBOXING = YES;
				GCC_C_LANGUAGE_STANDARD = gnu17;
				GCC_DYNAMIC_NO_PIC = NO;
				GCC_NO_COMMON_BLOCKS = YES;
				GCC_OPTIMIZATION_LEVEL = 0;
				GCC_PREPROCESSOR_DEFINITIONS = (
					"DEBUG=1",
					"$(inherited)",
				);
				GCC_WARN_64_TO_32_BIT_CONVERSION = YES;
				GCC_WARN_ABOUT_RETURN_TYPE = YES_ERROR;
				GCC_WARN_UNDECLARED_SELECTOR = YES;
				GCC_WARN_UNINITIALIZED_AUTOS = YES_AGGRESSIVE;
				GCC_WARN_UNUSED_FUNCTION = YES;
				GCC_WARN_UNUSED_VARIABLE = YES;
				IPHONEOS_DEPLOYMENT_TARGET = 26.2;
				LOCALIZATION_PREFERS_STRING_CATALOGS = YES;
				MTL_ENABLE_DEBUG_INFO = INCLUDE_SOURCE;
				MTL_FAST_MATH = YES;
				ONLY_ACTIVE_ARCH = YES;
				SDKROOT = iphoneos;
				SWIFT_ACTIVE_COMPILATION_CONDITIONS = "DEBUG $(inherited)";
				SWIFT_OPTIMIZATION_LEVEL = "-Onone";
			};
			name = Debug;
		};
		2CA789A02F72D19E0079277E /* Release */ = {
			isa = XCBuildConfiguration;
			buildSettings = {
				ALWAYS_SEARCH_USER_PATHS = NO;
				ASSETCATALOG_COMPILER_GENERATE_SWIFT_ASSET_SYMBOL_EXTENSIONS = YES;
				CLANG_ANALYZER_NONNULL = YES;
				CLANG_ANALYZER_NUMBER_OBJECT_CONVERSION = YES_AGGRESSIVE;
				CLANG_CXX_LANGUAGE_STANDARD = "gnu++20";
				CLANG_ENABLE_MODULES = YES;
				CLANG_ENABLE_OBJC_ARC = YES;
				CLANG_ENABLE_OBJC_WEAK = YES;
				CLANG_WARN_BLOCK_CAPTURE_AUTORELEASING = YES;
				CLANG_WARN_BOOL_CONVERSION = YES;
				CLANG_WARN_COMMA = YES;
				CLANG_WARN_CONSTANT_CONVERSION = YES;
				CLANG_WARN_DEPRECATED_OBJC_IMPLEMENTATIONS = YES;
				CLANG_WARN_DIRECT_OBJC_ISA_USAGE = YES_ERROR;
				CLANG_WARN_DOCUMENTATION_COMMENTS = YES;
				CLANG_WARN_EMPTY_BODY = YES;
				CLANG_WARN_ENUM_CONVERSION = YES;
				CLANG_WARN_INFINITE_RECURSION = YES;
				CLANG_WARN_INT_CONVERSION = YES;
				CLANG_WARN_NON_LITERAL_NULL_CONVERSION = YES;
				CLANG_WARN_OBJC_IMPLICIT_RETAIN_SELF = YES;
				CLANG_WARN_OBJC_LITERAL_CONVERSION = YES;
				CLANG_WARN_OBJC_ROOT_CLASS = YES_ERROR;
				CLANG_WARN_QUOTED_INCLUDE_IN_FRAMEWORK_HEADER = YES;
				CLANG_WARN_RANGE_LOOP_ANALYSIS = YES;
				CLANG_WARN_STRICT_PROTOTYPES = YES;
				CLANG_WARN_SUSPICIOUS_MOVE = YES;
				CLANG_WARN_UNGUARDED_AVAILABILITY = YES_AGGRESSIVE;
				CLANG_WARN_UNREACHABLE_CODE = YES;
				CLANG_WARN__DUPLICATE_METHOD_MATCH = YES;
				COPY_PHASE_STRIP = NO;
				DEBUG_INFORMATION_FORMAT = "dwarf-with-dsym";
				DEVELOPMENT_TEAM = UFY93MC9ZB;
				ENABLE_NS_ASSERTIONS = NO;
				ENABLE_STRICT_OBJC_MSGSEND = YES;
				ENABLE_USER_SCRIPT_SANDBOXING = YES;
				GCC_C_LANGUAGE_STANDARD = gnu17;
				GCC_NO_COMMON_BLOCKS = YES;
				GCC_WARN_64_TO_32_BIT_CONVERSION = YES;
				GCC_WARN_ABOUT_RETURN_TYPE = YES_ERROR;
				GCC_WARN_UNDECLARED_SELECTOR = YES;
				GCC_WARN_UNINITIALIZED_AUTOS = YES_AGGRESSIVE;
				GCC_WARN_UNUSED_FUNCTION = YES;
				GCC_WARN_UNUSED_VARIABLE = YES;
				IPHONEOS_DEPLOYMENT_TARGET = 26.2;
				LOCALIZATION_PREFERS_STRING_CATALOGS = YES;
				MTL_ENABLE_DEBUG_INFO = NO;
				MTL_FAST_MATH = YES;
				SDKROOT = iphoneos;
				SWIFT_COMPILATION_MODE = wholemodule;
				VALIDATE_PRODUCT = YES;
			};
			name = Release;
		};
		2CA789A22F72D19E0079277E /* Debug */ = {
			isa = XCBuildConfiguration;
			baseConfigurationReference = 2CF1B0012F87B00000E0F001 /* Debug.xcconfig */;
			buildSettings = {
				ASSETCATALOG_COMPILER_APPICON_NAME = AppIcon;
				ASSETCATALOG_COMPILER_GLOBAL_ACCENT_COLOR_NAME = AccentColor;
				CODE_SIGN_STYLE = Automatic;
				CURRENT_PROJECT_VERSION = 1;
				DEVELOPMENT_TEAM = UFY93MC9ZB;
				ENABLE_PREVIEWS = YES;
				GENERATE_INFOPLIST_FILE = NO;
				INFOPLIST_FILE = Config/Info.plist;
				LD_RUNPATH_SEARCH_PATHS = (
					"$(inherited)",
					"@executable_path/Frameworks",
				);
				MARKETING_VERSION = 1.0;
				PRODUCT_BUNDLE_IDENTIFIER = com.jiyong.com.egunHoldings;
				PRODUCT_NAME = "$(TARGET_NAME)";
				STRING_CATALOG_GENERATE_SYMBOLS = YES;
				SWIFT_APPROACHABLE_CONCURRENCY = YES;
				SWIFT_DEFAULT_ACTOR_ISOLATION = MainActor;
				SWIFT_EMIT_LOC_STRINGS = YES;
				SWIFT_UPCOMING_FEATURE_MEMBER_IMPORT_VISIBILITY = YES;
				SWIFT_VERSION = 5.0;
				TARGETED_DEVICE_FAMILY = "1,2";
			};
			name = Debug;
		};
		2CA789A32F72D19E0079277E /* Release */ = {
			isa = XCBuildConfiguration;
			baseConfigurationReference = 2CF1B0022F87B00000E0F001 /* Release.xcconfig */;
			buildSettings = {
				ASSETCATALOG_COMPILER_APPICON_NAME = AppIcon;
				ASSETCATALOG_COMPILER_GLOBAL_ACCENT_COLOR_NAME = AccentColor;
				CODE_SIGN_STYLE = Automatic;
				CURRENT_PROJECT_VERSION = 1;
				DEVELOPMENT_TEAM = UFY93MC9ZB;
				ENABLE_PREVIEWS = YES;
				GENERATE_INFOPLIST_FILE = NO;
				INFOPLIST_FILE = Config/Info.plist;
				LD_RUNPATH_SEARCH_PATHS = (
					"$(inherited)",
					"@executable_path/Frameworks",
				);
				MARKETING_VERSION = 1.0;
				PRODUCT_BUNDLE_IDENTIFIER = com.jiyong.com.egunHoldings;
				PRODUCT_NAME = "$(TARGET_NAME)";
				STRING_CATALOG_GENERATE_SYMBOLS = YES;
				SWIFT_APPROACHABLE_CONCURRENCY = YES;
				SWIFT_DEFAULT_ACTOR_ISOLATION = MainActor;
				SWIFT_EMIT_LOC_STRINGS = YES;
				SWIFT_UPCOMING_FEATURE_MEMBER_IMPORT_VISIBILITY = YES;
				SWIFT_VERSION = 5.0;
				TARGETED_DEVICE_FAMILY = "1,2";
			};
			name = Release;
		};
		2CA789A52F72D19E0079277E /* Debug */ = {
			isa = XCBuildConfiguration;
			buildSettings = {
				BUNDLE_LOADER = "$(TEST_HOST)";
				CODE_SIGN_STYLE = Automatic;
				CURRENT_PROJECT_VERSION = 1;
				DEVELOPMENT_TEAM = UFY93MC9ZB;
				GENERATE_INFOPLIST_FILE = YES;
				IPHONEOS_DEPLOYMENT_TARGET = 26.2;
				MARKETING_VERSION = 1.0;
				PRODUCT_BUNDLE_IDENTIFIER = com.jiyong.com.egunHoldingsTests;
				PRODUCT_NAME = "$(TARGET_NAME)";
				STRING_CATALOG_GENERATE_SYMBOLS = NO;
				SWIFT_APPROACHABLE_CONCURRENCY = YES;
				SWIFT_EMIT_LOC_STRINGS = NO;
				SWIFT_UPCOMING_FEATURE_MEMBER_IMPORT_VISIBILITY = YES;
				SWIFT_VERSION = 5.0;
				TARGETED_DEVICE_FAMILY = "1,2";
				TEST_HOST = "$(BUILT_PRODUCTS_DIR)/egunHoldings.app/$(BUNDLE_EXECUTABLE_FOLDER_PATH)/egunHoldings";
			};
			name = Debug;
		};
		2CA789A62F72D19E0079277E /* Release */ = {
			isa = XCBuildConfiguration;
			buildSettings = {
				BUNDLE_LOADER = "$(TEST_HOST)";
				CODE_SIGN_STYLE = Automatic;
				CURRENT_PROJECT_VERSION = 1;
				DEVELOPMENT_TEAM = UFY93MC9ZB;
				GENERATE_INFOPLIST_FILE = YES;
				IPHONEOS_DEPLOYMENT_TARGET = 26.2;
				MARKETING_VERSION = 1.0;
				PRODUCT_BUNDLE_IDENTIFIER = com.jiyong.com.egunHoldingsTests;
				PRODUCT_NAME = "$(TARGET_NAME)";
				STRING_CATALOG_GENERATE_SYMBOLS = NO;
				SWIFT_APPROACHABLE_CONCURRENCY = YES;
				SWIFT_EMIT_LOC_STRINGS = NO;
				SWIFT_UPCOMING_FEATURE_MEMBER_IMPORT_VISIBILITY = YES;
				SWIFT_VERSION = 5.0;
				TARGETED_DEVICE_FAMILY = "1,2";
				TEST_HOST = "$(BUILT_PRODUCTS_DIR)/egunHoldings.app/$(BUNDLE_EXECUTABLE_FOLDER_PATH)/egunHoldings";
			};
			name = Release;
		};
		2CA789A82F72D19E0079277E /* Debug */ = {
			isa = XCBuildConfiguration;
			buildSettings = {
				CODE_SIGN_STYLE = Automatic;
				CURRENT_PROJECT_VERSION = 1;
				DEVELOPMENT_TEAM = UFY93MC9ZB;
				GENERATE_INFOPLIST_FILE = YES;
				MARKETING_VERSION = 1.0;
				PRODUCT_BUNDLE_IDENTIFIER = com.jiyong.com.egunHoldingsUITests;
				PRODUCT_NAME = "$(TARGET_NAME)";
				STRING_CATALOG_GENERATE_SYMBOLS = NO;
				SWIFT_APPROACHABLE_CONCURRENCY = YES;
				SWIFT_EMIT_LOC_STRINGS = NO;
				SWIFT_UPCOMING_FEATURE_MEMBER_IMPORT_VISIBILITY = YES;
				SWIFT_VERSION = 5.0;
				TARGETED_DEVICE_FAMILY = "1,2";
				TEST_TARGET_NAME = egunHoldings;
			};
			name = Debug;
		};
		2CA789A92F72D19E0079277E /* Release */ = {
			isa = XCBuildConfiguration;
			buildSettings = {
				CODE_SIGN_STYLE = Automatic;
				CURRENT_PROJECT_VERSION = 1;
				DEVELOPMENT_TEAM = UFY93MC9ZB;
				GENERATE_INFOPLIST_FILE = YES;
				MARKETING_VERSION = 1.0;
				PRODUCT_BUNDLE_IDENTIFIER = com.jiyong.com.egunHoldingsUITests;
				PRODUCT_NAME = "$(TARGET_NAME)";
				STRING_CATALOG_GENERATE_SYMBOLS = NO;
				SWIFT_APPROACHABLE_CONCURRENCY = YES;
				SWIFT_EMIT_LOC_STRINGS = NO;
				SWIFT_UPCOMING_FEATURE_MEMBER_IMPORT_VISIBILITY = YES;
				SWIFT_VERSION = 5.0;
				TARGETED_DEVICE_FAMILY = "1,2";
				TEST_TARGET_NAME = egunHoldings;
			};
			name = Release;
		};
/* End XCBuildConfiguration section */

/* Begin XCConfigurationList section */
		2CA7897B2F72D19D0079277E /* Build configuration list for PBXProject "egunHoldings" */ = {
			isa = XCConfigurationList;
			buildConfigurations = (
				2CA7899F2F72D19E0079277E /* Debug */,
				2CA789A02F72D19E0079277E /* Release */,
			);
			defaultConfigurationIsVisible = 0;
			defaultConfigurationName = Release;
		};
		2CA789A12F72D19E0079277E /* Build configuration list for PBXNativeTarget "egunHoldings" */ = {
			isa = XCConfigurationList;
			buildConfigurations = (
				2CA789A22F72D19E0079277E /* Debug */,
				2CA789A32F72D19E0079277E /* Release */,
			);
			defaultConfigurationIsVisible = 0;
			defaultConfigurationName = Release;
		};
		2CA789A42F72D19E0079277E /* Build configuration list for PBXNativeTarget "egunHoldingsTests" */ = {
			isa = XCConfigurationList;
			buildConfigurations = (
				2CA789A52F72D19E0079277E /* Debug */,
				2CA789A62F72D19E0079277E /* Release */,
			);
			defaultConfigurationIsVisible = 0;
			defaultConfigurationName = Release;
		};
		2CA789A72F72D19E0079277E /* Build configuration list for PBXNativeTarget "egunHoldingsUITests" */ = {
			isa = XCConfigurationList;
			buildConfigurations = (
				2CA789A82F72D19E0079277E /* Debug */,
				2CA789A92F72D19E0079277E /* Release */,
			);
			defaultConfigurationIsVisible = 0;
			defaultConfigurationName = Release;
		};
/* End XCConfigurationList section */

/* Begin XCRemoteSwiftPackageReference section */
		2C6FBD742F8115CF00B9C3E1 /* XCRemoteSwiftPackageReference "Moya" */ = {
			isa = XCRemoteSwiftPackageReference;
			repositoryURL = "https://github.com/Moya/Moya";
			requirement = {
				kind = upToNextMajorVersion;
				minimumVersion = 15.0.3;
			};
		};
		2C6FBD752F81162500B9C3E1 /* XCRemoteSwiftPackageReference "Alamofire" */ = {
			isa = XCRemoteSwiftPackageReference;
			repositoryURL = "https://github.com/Alamofire/Alamofire";
			requirement = {
				kind = upToNextMajorVersion;
				minimumVersion = 5.11.1;
			};
		};
/* End XCRemoteSwiftPackageReference section */

/* Begin XCSwiftPackageProductDependency section */
		2C6FBD782F81182000B9C3E1 /* Moya */ = {
			isa = XCSwiftPackageProductDependency;
			package = 2C6FBD742F8115CF00B9C3E1 /* XCRemoteSwiftPackageReference "Moya" */;
			productName = Moya;
		};
		2C6FBD792F81182100B9C3E1 /* Alamofire */ = {
			isa = XCSwiftPackageProductDependency;
			package = 2C6FBD752F81162500B9C3E1 /* XCRemoteSwiftPackageReference "Alamofire" */;
			productName = Alamofire;
		};
/* End XCSwiftPackageProductDependency section */
	};
	rootObject = 2CA789782F72D19D0079277E /* Project object */;
}
